{
  "version": 4,
  "terraform_version": "1.5.4",
  "serial": 1,
  "lineage": "4fe1f0df-0012-af60-6831-488d99b2f53a",
  "outputs": {},
  "resources": [
    {
      "mode": "managed",
      "type": "aws_vpc",
      "name": "stg_vpc",
      "provider": "provider[\"registry.terraform.io/hashicorp/aws\"]",
      "instances": [
        {
          "schema_version": 1,
          "attributes": {
            "arn": "arn:aws:ec2:us-east-1:757245745517:vpc/vpc-0e95c2859329c5b7b",
            "assign_generated_ipv6_cidr_block": false,
            "cidr_block": "10.0.0.0/16",
            "default_network_acl_id": "acl-044b8e248fbd88dff",
            "default_route_table_id": "rtb-02ede615ca66c7f1a",
            "default_security_group_id": "sg-078a893304e2acd9d",
            "dhcp_options_id": "dopt-0f5ee1cc75ccaf891",
            "enable_dns_hostnames": true,
            "enable_dns_support": true,
            "enable_network_address_usage_metrics": false,
            "id": "vpc-0e95c2859329c5b7b",
            "instance_tenancy": "default",
            "ipv4_ipam_pool_id": null,
            "ipv4_netmask_length": null,
            "ipv6_association_id": "",
            "ipv6_cidr_block": "",
            "ipv6_cidr_block_network_border_group": "",
            "ipv6_ipam_pool_id": "",
            "ipv6_netmask_length": 0,
            "main_route_table_id": "rtb-02ede615ca66c7f1a",
            "owner_id": "757245745517",
            "tags": {
              "Environment": "staging",
              "Name": "fanc-stg-default-vpc"
            },
            "tags_all": {
              "Environment": "staging",
              "Name": "fanc-stg-default-vpc"
            }
          },
          "sensitive_attributes": [],
          "private": "eyJzY2hlbWFfdmVyc2lvbiI6IjEifQ=="
        }
      ]
    }
  ],
  "check_results": null
}
